
Microsoft Visual Studio Solution File, Format Version 12.00
# Visual Studio 15
VisualStudioVersion = 15.0.27703.2042
MinimumVisualStudioVersion = 10.0.40219.1
Project("{FAE04EC0-301F-11D3-BF4B-00C04F79EFBC}") = "DMSite", "DMSite\DMSite.csproj", "{278AC9AC-C339-48BF-B0BB-77E5300AEDE6}"
EndProject
Project("{FAE04EC0-301F-11D3-BF4B-00C04F79EFBC}") = "DMSite.Tests", "DMSite.Tests\DMSite.Tests.csproj", "{18902269-E954-44FD-9D71-E968F1744068}"
EndProject
Global
	GlobalSection(SolutionConfigurationPlatforms) = preSolution
		Debug|Any CPU = Debug|Any CPU
		Release|Any CPU = Release|Any CPU
	EndGlobalSection
	GlobalSection(ProjectConfigurationPlatforms) = postSolution
		{278AC9AC-C339-48BF-B0BB-77E5300AEDE6}.Debug|Any CPU.ActiveCfg = Debug|Any CPU
		{278AC9AC-C339-48BF-B0BB-77E5300AEDE6}.Debug|Any CPU.Build.0 = Debug|Any CPU
		{278AC9AC-C339-48BF-B0BB-77E5300AEDE6}.Release|Any CPU.ActiveCfg = Release|Any CPU
		{278AC9AC-C339-48BF-B0BB-77E5300AEDE6}.Release|Any CPU.Build.0 = Release|Any CPU
		{18902269-E954-44FD-9D71-E968F1744068}.Debug|Any CPU.ActiveCfg = Debug|Any CPU
		{18902269-E954-44FD-9D71-E968F1744068}.Debug|Any CPU.Build.0 = Debug|Any CPU
		{18902269-E954-44FD-9D71-E968F1744068}.Release|Any CPU.ActiveCfg = Release|Any CPU
		{18902269-E954-44FD-9D71-E968F1744068}.Release|Any CPU.Build.0 = Release|Any CPU
	EndGlobalSection
	GlobalSection(SolutionProperties) = preSolution
		HideSolutionNode = FALSE
	EndGlobalSection
	GlobalSection(ExtensibilityGlobals) = postSolution
		SolutionGuid = {ABD92BE5-AF77-4061-8BAE-7033BEB6C2C2}
	EndGlobalSection
EndGlobal
